
Microsoft Visual Studio Solution File, Format Version 12.00
# Visual Studio Version 17
VisualStudioVersion = 17.0.31729.143
MinimumVisualStudioVersion = 10.0.40219.1
Project("{9A19103F-16F7-4668-BE54-9A1E7A4F7556}") = "byosLinuxImageWTM", "byosLinuxImageWTM\byosLinuxImageWTM.csproj", "{BE398F80-0C97-489B-BA81-5E32E681AE7B}"
EndProject
Project("{9A19103F-16F7-4668-BE54-9A1E7A4F7556}") = "byosWinContUpload", "byosWinContUpload\byosWinContUpload.csproj", "{4C46638D-62D9-4FE2-833A-F86900900823}"
EndProject
Global
	GlobalSection(SolutionConfigurationPlatforms) = preSolution
		Debug|Any CPU = Debug|Any CPU
		Release|Any CPU = Release|Any CPU
	EndGlobalSection
	GlobalSection(ProjectConfigurationPlatforms) = postSolution
		{BE398F80-0C97-489B-BA81-5E32E681AE7B}.Debug|Any CPU.ActiveCfg = Debug|Any CPU
		{BE398F80-0C97-489B-BA81-5E32E681AE7B}.Debug|Any CPU.Build.0 = Debug|Any CPU
		{BE398F80-0C97-489B-BA81-5E32E681AE7B}.Release|Any CPU.ActiveCfg = Release|Any CPU
		{BE398F80-0C97-489B-BA81-5E32E681AE7B}.Release|Any CPU.Build.0 = Release|Any CPU
		{4C46638D-62D9-4FE2-833A-F86900900823}.Debug|Any CPU.ActiveCfg = Debug|Any CPU
		{4C46638D-62D9-4FE2-833A-F86900900823}.Debug|Any CPU.Build.0 = Debug|Any CPU
		{4C46638D-62D9-4FE2-833A-F86900900823}.Release|Any CPU.ActiveCfg = Release|Any CPU
		{4C46638D-62D9-4FE2-833A-F86900900823}.Release|Any CPU.Build.0 = Release|Any CPU
	EndGlobalSection
	GlobalSection(SolutionProperties) = preSolution
		HideSolutionNode = FALSE
	EndGlobalSection
	GlobalSection(ExtensibilityGlobals) = postSolution
		SolutionGuid = {C361644E-BC3C-4B5B-9D31-6647CB9A4F24}
	EndGlobalSection
EndGlobal
